PODS:
  - flutter_web_auth (0.5.0):
    - FlutterMacOS
  - FlutterMacOS (1.0.0)

DEPENDENCIES:
  - flutter_web_auth (from `Flutter/ephemeral/.symlinks/plugins/flutter_web_auth/macos`)
  - FlutterMacOS (from `Flutter/ephemeral`)

EXTERNAL SOURCES:
  flutter_web_auth:
    :path: Flutter/ephemeral/.symlinks/plugins/flutter_web_auth/macos
  FlutterMacOS:
    :path: Flutter/ephemeral

SPEC CHECKSUMS:
  flutter_web_auth: f129850adcc025e7136109a53a00aac93ec62076
  FlutterMacOS: ae6af50a8ea7d6103d888583d46bd8328a7e9811

PODFILE CHECKSUM: 5e7e17a2f3e2a7b37fd4c69acb944c6de817f63e

COCOAPODS: 1.11.3
